// !$*UTF8*$!
{
	archiveVersion = 1;
	classes = {
	};
	objectVersion = 77;
	objects = {

/* Begin PBXBuildFile section */
		9E2F13D32CAE0FBB00EB97D2 /* FirebaseAnalytics in Frameworks */ = {isa = PBXBuildFile; productRef = 9E2F13D22CAE0FBB00EB97D2 /* FirebaseAnalytics */; };
		9E2F13D52CAE0FBB00EB97D2 /* FirebaseAnalyticsOnDeviceConversion in Frameworks */ = {isa = PBXBuildFile; productRef = 9E2F13D42CAE0FBB00EB97D2 /* FirebaseAnalyticsOnDeviceConversion */; };
		9E2F13D72CAE0FBB00EB97D2 /* FirebaseAnalyticsWithoutAdIdSupport in Frameworks */ = {isa = PBXBuildFile; productRef = 9E2F13D62CAE0FBB00EB97D2 /* FirebaseAnalyticsWithoutAdIdSupport */; };
		9E2F13D92CAE0FBB00EB97D2 /* FirebaseAppCheck in Frameworks */ = {isa = PBXBuildFile; productRef = 9E2F13D82CAE0FBB00EB97D2 /* FirebaseAppCheck */; };
		9E2F13DB2CAE0FBB00EB97D2 /* FirebaseAppDistribution-Beta in Frameworks */ = {isa = PBXBuildFile; productRef = 9E2F13DA2CAE0FBB00EB97D2 /* FirebaseAppDistribution-Beta */; };
		9E2F13DD2CAE0FBB00EB97D2 /* FirebaseAuth in Frameworks */ = {isa = PBXBuildFile; productRef = 9E2F13DC2CAE0FBB00EB97D2 /* FirebaseAuth */; };
		9E2F13DF2CAE0FBB00EB97D2 /* FirebaseAuthCombine-Community in Frameworks */ = {isa = PBXBuildFile; productRef = 9E2F13DE2CAE0FBB00EB97D2 /* FirebaseAuthCombine-Community */; };
		9E2F13E12CAE0FBB00EB97D2 /* FirebaseCore in Frameworks */ = {isa = PBXBuildFile; productRef = 9E2F13E02CAE0FBB00EB97D2 /* FirebaseCore */; };
		9E2F13E32CAE0FBB00EB97D2 /* FirebaseCrashlytics in Frameworks */ = {isa = PBXBuildFile; productRef = 9E2F13E22CAE0FBB00EB97D2 /* FirebaseCrashlytics */; };
		9E2F13E52CAE0FBB00EB97D2 /* FirebaseDatabase in Frameworks */ = {isa = PBXBuildFile; productRef = 9E2F13E42CAE0FBB00EB97D2 /* FirebaseDatabase */; };
		9E2F13E72CAE0FBB00EB97D2 /* FirebaseDynamicLinks in Frameworks */ = {isa = PBXBuildFile; productRef = 9E2F13E62CAE0FBB00EB97D2 /* FirebaseDynamicLinks */; };
		9E2F13E92CAE0FBB00EB97D2 /* FirebaseFirestore in Frameworks */ = {isa = PBXBuildFile; productRef = 9E2F13E82CAE0FBB00EB97D2 /* FirebaseFirestore */; };
		9E2F13EB2CAE0FBB00EB97D2 /* FirebaseFirestoreCombine-Community in Frameworks */ = {isa = PBXBuildFile; productRef = 9E2F13EA2CAE0FBB00EB97D2 /* FirebaseFirestoreCombine-Community */; };
		9E2F13ED2CAE0FBB00EB97D2 /* FirebaseFunctions in Frameworks */ = {isa = PBXBuildFile; productRef = 9E2F13EC2CAE0FBB00EB97D2 /* FirebaseFunctions */; };
		9E2F13EF2CAE0FBB00EB97D2 /* FirebaseFunctionsCombine-Community in Frameworks */ = {isa = PBXBuildFile; productRef = 9E2F13EE2CAE0FBB00EB97D2 /* FirebaseFunctionsCombine-Community */; };
		9E2F13F12CAE0FBB00EB97D2 /* FirebaseInAppMessaging-Beta in Frameworks */ = {isa = PBXBuildFile; productRef = 9E2F13F02CAE0FBB00EB97D2 /* FirebaseInAppMessaging-Beta */; };
		9E2F13F32CAE0FBB00EB97D2 /* FirebaseInstallations in Frameworks */ = {isa = PBXBuildFile; productRef = 9E2F13F22CAE0FBB00EB97D2 /* FirebaseInstallations */; };
		9E2F13F52CAE0FBB00EB97D2 /* FirebaseMLModelDownloader in Frameworks */ = {isa = PBXBuildFile; productRef = 9E2F13F42CAE0FBB00EB97D2 /* FirebaseMLModelDownloader */; };
		9E2F13F72CAE0FBB00EB97D2 /* FirebaseMessaging in Frameworks */ = {isa = PBXBuildFile; productRef = 9E2F13F62CAE0FBB00EB97D2 /* FirebaseMessaging */; };
		9E2F13F92CAE0FBB00EB97D2 /* FirebasePerformance in Frameworks */ = {isa = PBXBuildFile; productRef = 9E2F13F82CAE0FBB00EB97D2 /* FirebasePerformance */; };
		9E2F13FB2CAE0FBB00EB97D2 /* FirebaseRemoteConfig in Frameworks */ = {isa = PBXBuildFile; productRef = 9E2F13FA2CAE0FBB00EB97D2 /* FirebaseRemoteConfig */; };
		9E2F13FD2CAE0FBB00EB97D2 /* FirebaseStorage in Frameworks */ = {isa = PBXBuildFile; productRef = 9E2F13FC2CAE0FBB00EB97D2 /* FirebaseStorage */; };
		9E2F13FF2CAE0FBB00EB97D2 /* FirebaseStorageCombine-Community in Frameworks */ = {isa = PBXBuildFile; productRef = 9E2F13FE2CAE0FBB00EB97D2 /* FirebaseStorageCombine-Community */; };
		9E2F14012CAE0FBB00EB97D2 /* FirebaseVertexAI-Preview in Frameworks */ = {isa = PBXBuildFile; productRef = 9E2F14002CAE0FBB00EB97D2 /* FirebaseVertexAI-Preview */; };
/* End PBXBuildFile section */

/* Begin PBXContainerItemProxy section */
		9E2F13B12CAE0D0C00EB97D2 /* PBXContainerItemProxy */ = {
			isa = PBXContainerItemProxy;
			containerPortal = 9E2F13982CAE0D0B00EB97D2 /* Project object */;
			proxyType = 1;
			remoteGlobalIDString = 9E2F139F2CAE0D0B00EB97D2;
			remoteInfo = "Fit-Check";
		};
		9E2F13BB2CAE0D0C00EB97D2 /* PBXContainerItemProxy */ = {
			isa = PBXContainerItemProxy;
			containerPortal = 9E2F13982CAE0D0B00EB97D2 /* Project object */;
			proxyType = 1;
			remoteGlobalIDString = 9E2F139F2CAE0D0B00EB97D2;
			remoteInfo = "Fit-Check";
		};
/* End PBXContainerItemProxy section */

/* Begin PBXFileReference section */
		9E2F13A02CAE0D0B00EB97D2 /* Fit-Check.app */ = {isa = PBXFileReference; explicitFileType = wrapper.application; includeInIndex = 0; path = "Fit-Check.app"; sourceTree = BUILT_PRODUCTS_DIR; };
		9E2F13B02CAE0D0C00EB97D2 /* Fit-CheckTests.xctest */ = {isa = PBXFileReference; explicitFileType = wrapper.cfbundle; includeInIndex = 0; path = "Fit-CheckTests.xctest"; sourceTree = BUILT_PRODUCTS_DIR; };
		9E2F13BA2CAE0D0C00EB97D2 /* Fit-CheckUITests.xctest */ = {isa = PBXFileReference; explicitFileType = wrapper.cfbundle; includeInIndex = 0; path = "Fit-CheckUITests.xctest"; sourceTree = BUILT_PRODUCTS_DIR; };
/* End PBXFileReference section */

/* Begin PBXFileSystemSynchronizedRootGroup section */
		9E2F13A22CAE0D0B00EB97D2 /* Fit-Check */ = {
			isa = PBXFileSystemSynchronizedRootGroup;
			path = "Fit-Check";
			sourceTree = "<group>";
		};
		9E2F13B32CAE0D0C00EB97D2 /* Fit-CheckTests */ = {
			isa = PBXFileSystemSynchronizedRootGroup;
			path = "Fit-CheckTests";
			sourceTree = "<group>";
		};
		9E2F13BD2CAE0D0C00EB97D2 /* Fit-CheckUITests */ = {
			isa = PBXFileSystemSynchronizedRootGroup;
			path = "Fit-CheckUITests";
			sourceTree = "<group>";
		};
/* End PBXFileSystemSynchronizedRootGroup section */

/* Begin PBXFrameworksBuildPhase section */
		9E2F139D2CAE0D0B00EB97D2 /* Frameworks */ = {
			isa = PBXFrameworksBuildPhase;
			buildActionMask = 2147483647;
			files = (
				9E2F14012CAE0FBB00EB97D2 /* FirebaseVertexAI-Preview in Frameworks */,
				9E2F13EB2CAE0FBB00EB97D2 /* FirebaseFirestoreCombine-Community in Frameworks */,
				9E2F13ED2CAE0FBB00EB97D2 /* FirebaseFunctions in Frameworks */,
				9E2F13F92CAE0FBB00EB97D2 /* FirebasePerformance in Frameworks */,
				9E2F13FF2CAE0FBB00EB97D2 /* FirebaseStorageCombine-Community in Frameworks */,
				9E2F13FB2CAE0FBB00EB97D2 /* FirebaseRemoteConfig in Frameworks */,
				9E2F13E52CAE0FBB00EB97D2 /* FirebaseDatabase in Frameworks */,
				9E2F13E72CAE0FBB00EB97D2 /* FirebaseDynamicLinks in Frameworks */,
				9E2F13D92CAE0FBB00EB97D2 /* FirebaseAppCheck in Frameworks */,
				9E2F13DD2CAE0FBB00EB97D2 /* FirebaseAuth in Frameworks */,
				9E2F13D32CAE0FBB00EB97D2 /* FirebaseAnalytics in Frameworks */,
				9E2F13E92CAE0FBB00EB97D2 /* FirebaseFirestore in Frameworks */,
				9E2F13F72CAE0FBB00EB97D2 /* FirebaseMessaging in Frameworks */,
				9E2F13F32CAE0FBB00EB97D2 /* FirebaseInstallations in Frameworks */,
				9E2F13EF2CAE0FBB00EB97D2 /* FirebaseFunctionsCombine-Community in Frameworks */,
				9E2F13DB2CAE0FBB00EB97D2 /* FirebaseAppDistribution-Beta in Frameworks */,
				9E2F13D72CAE0FBB00EB97D2 /* FirebaseAnalyticsWithoutAdIdSupport in Frameworks */,
				9E2F13F12CAE0FBB00EB97D2 /* FirebaseInAppMessaging-Beta in Frameworks */,
				9E2F13DF2CAE0FBB00EB97D2 /* FirebaseAuthCombine-Community in Frameworks */,
				9E2F13E32CAE0FBB00EB97D2 /* FirebaseCrashlytics in Frameworks */,
				9E2F13F52CAE0FBB00EB97D2 /* FirebaseMLModelDownloader in Frameworks */,
				9E2F13FD2CAE0FBB00EB97D2 /* FirebaseStorage in Frameworks */,
				9E2F13E12CAE0FBB00EB97D2 /* FirebaseCore in Frameworks */,
				9E2F13D52CAE0FBB00EB97D2 /* FirebaseAnalyticsOnDeviceConversion in Frameworks */,
			);
			runOnlyForDeploymentPostprocessing = 0;
		};
		9E2F13AD2CAE0D0C00EB97D2 /* Frameworks */ = {
			isa = PBXFrameworksBuildPhase;
			buildActionMask = 2147483647;
			files = (
			);
			runOnlyForDeploymentPostprocessing = 0;
		};
		9E2F13B72CAE0D0C00EB97D2 /* Frameworks */ = {
			isa = PBXFrameworksBuildPhase;
			buildActionMask = 2147483647;
			files = (
			);
			runOnlyForDeploymentPostprocessing = 0;
		};
/* End PBXFrameworksBuildPhase section */

/* Begin PBXGroup section */
		9E2F13972CAE0D0B00EB97D2 = {
			isa = PBXGroup;
			children = (
				9E2F13A22CAE0D0B00EB97D2 /* Fit-Check */,
				9E2F13B32CAE0D0C00EB97D2 /* Fit-CheckTests */,
				9E2F13BD2CAE0D0C00EB97D2 /* Fit-CheckUITests */,
				9E2F13A12CAE0D0B00EB97D2 /* Products */,
			);
			sourceTree = "<group>";
		};
		9E2F13A12CAE0D0B00EB97D2 /* Products */ = {
			isa = PBXGroup;
			children = (
				9E2F13A02CAE0D0B00EB97D2 /* Fit-Check.app */,
				9E2F13B02CAE0D0C00EB97D2 /* Fit-CheckTests.xctest */,
				9E2F13BA2CAE0D0C00EB97D2 /* Fit-CheckUITests.xctest */,
			);
			name = Products;
			sourceTree = "<group>";
		};
/* End PBXGroup section */

/* Begin PBXNativeTarget section */
		9E2F139F2CAE0D0B00EB97D2 /* Fit-Check */ = {
			isa = PBXNativeTarget;
			buildConfigurationList = 9E2F13C42CAE0D0C00EB97D2 /* Build configuration list for PBXNativeTarget "Fit-Check" */;
			buildPhases = (
				9E2F139C2CAE0D0B00EB97D2 /* Sources */,
				9E2F139D2CAE0D0B00EB97D2 /* Frameworks */,
				9E2F139E2CAE0D0B00EB97D2 /* Resources */,
			);
			buildRules = (
			);
			dependencies = (
			);
			fileSystemSynchronizedGroups = (
				9E2F13A22CAE0D0B00EB97D2 /* Fit-Check */,
			);
			name = "Fit-Check";
			packageProductDependencies = (
				9E2F13D22CAE0FBB00EB97D2 /* FirebaseAnalytics */,
				9E2F13D42CAE0FBB00EB97D2 /* FirebaseAnalyticsOnDeviceConversion */,
				9E2F13D62CAE0FBB00EB97D2 /* FirebaseAnalyticsWithoutAdIdSupport */,
				9E2F13D82CAE0FBB00EB97D2 /* FirebaseAppCheck */,
				9E2F13DA2CAE0FBB00EB97D2 /* FirebaseAppDistribution-Beta */,
				9E2F13DC2CAE0FBB00EB97D2 /* FirebaseAuth */,
				9E2F13DE2CAE0FBB00EB97D2 /* FirebaseAuthCombine-Community */,
				9E2F13E02CAE0FBB00EB97D2 /* FirebaseCore */,
				9E2F13E22CAE0FBB00EB97D2 /* FirebaseCrashlytics */,
				9E2F13E42CAE0FBB00EB97D2 /* FirebaseDatabase */,
				9E2F13E62CAE0FBB00EB97D2 /* FirebaseDynamicLinks */,
				9E2F13E82CAE0FBB00EB97D2 /* FirebaseFirestore */,
				9E2F13EA2CAE0FBB00EB97D2 /* FirebaseFirestoreCombine-Community */,
				9E2F13EC2CAE0FBB00EB97D2 /* FirebaseFunctions */,
				9E2F13EE2CAE0FBB00EB97D2 /* FirebaseFunctionsCombine-Community */,
				9E2F13F02CAE0FBB00EB97D2 /* FirebaseInAppMessaging-Beta */,
				9E2F13F22CAE0FBB00EB97D2 /* FirebaseInstallations */,
				9E2F13F42CAE0FBB00EB97D2 /* FirebaseMLModelDownloader */,
				9E2F13F62CAE0FBB00EB97D2 /* FirebaseMessaging */,
				9E2F13F82CAE0FBB00EB97D2 /* FirebasePerformance */,
				9E2F13FA2CAE0FBB00EB97D2 /* FirebaseRemoteConfig */,
				9E2F13FC2CAE0FBB00EB97D2 /* FirebaseStorage */,
				9E2F13FE2CAE0FBB00EB97D2 /* FirebaseStorageCombine-Community */,
				9E2F14002CAE0FBB00EB97D2 /* FirebaseVertexAI-Preview */,
			);
			productName = "Fit-Check";
			productReference = 9E2F13A02CAE0D0B00EB97D2 /* Fit-Check.app */;
			productType = "com.apple.product-type.application";
		};
		9E2F13AF2CAE0D0C00EB97D2 /* Fit-CheckTests */ = {
			isa = PBXNativeTarget;
			buildConfigurationList = 9E2F13C72CAE0D0C00EB97D2 /* Build configuration list for PBXNativeTarget "Fit-CheckTests" */;
			buildPhases = (
				9E2F13AC2CAE0D0C00EB97D2 /* Sources */,
				9E2F13AD2CAE0D0C00EB97D2 /* Frameworks */,
				9E2F13AE2CAE0D0C00EB97D2 /* Resources */,
			);
			buildRules = (
			);
			dependencies = (
				9E2F13B22CAE0D0C00EB97D2 /* PBXTargetDependency */,
			);
			fileSystemSynchronizedGroups = (
				9E2F13B32CAE0D0C00EB97D2 /* Fit-CheckTests */,
			);
			name = "Fit-CheckTests";
			packageProductDependencies = (
			);
			productName = "Fit-CheckTests";
			productReference = 9E2F13B02CAE0D0C00EB97D2 /* Fit-CheckTests.xctest */;
			productType = "com.apple.product-type.bundle.unit-test";
		};
		9E2F13B92CAE0D0C00EB97D2 /* Fit-CheckUITests */ = {
			isa = PBXNativeTarget;
			buildConfigurationList = 9E2F13CA2CAE0D0C00EB97D2 /* Build configuration list for PBXNativeTarget "Fit-CheckUITests" */;
			buildPhases = (
				9E2F13B62CAE0D0C00EB97D2 /* Sources */,
				9E2F13B72CAE0D0C00EB97D2 /* Frameworks */,
				9E2F13B82CAE0D0C00EB97D2 /* Resources */,
			);
			buildRules = (
			);
			dependencies = (
				9E2F13BC2CAE0D0C00EB97D2 /* PBXTargetDependency */,
			);
			fileSystemSynchronizedGroups = (
				9E2F13BD2CAE0D0C00EB97D2 /* Fit-CheckUITests */,
			);
			name = "Fit-CheckUITests";
			packageProductDependencies = (
			);
			productName = "Fit-CheckUITests";
			productReference = 9E2F13BA2CAE0D0C00EB97D2 /* Fit-CheckUITests.xctest */;
			productType = "com.apple.product-type.bundle.ui-testing";
		};
/* End PBXNativeTarget section */

/* Begin PBXProject section */
		9E2F13982CAE0D0B00EB97D2 /* Project object */ = {
			isa = PBXProject;
			attributes = {
				BuildIndependentTargetsInParallel = 1;
				LastSwiftUpdateCheck = 1600;
				LastUpgradeCheck = 1600;
				TargetAttributes = {
					9E2F139F2CAE0D0B00EB97D2 = {
						CreatedOnToolsVersion = 16.0;
					};
					9E2F13AF2CAE0D0C00EB97D2 = {
						CreatedOnToolsVersion = 16.0;
						TestTargetID = 9E2F139F2CAE0D0B00EB97D2;
					};
					9E2F13B92CAE0D0C00EB97D2 = {
						CreatedOnToolsVersion = 16.0;
						TestTargetID = 9E2F139F2CAE0D0B00EB97D2;
					};
				};
			};
			buildConfigurationList = 9E2F139B2CAE0D0B00EB97D2 /* Build configuration list for PBXProject "Fit-Check" */;
			developmentRegion = en;
			hasScannedForEncodings = 0;
			knownRegions = (
				en,
				Base,
			);
			mainGroup = 9E2F13972CAE0D0B00EB97D2;
			minimizedProjectReferenceProxies = 1;
			packageReferences = (
				9E2F13D12CAE0FBB00EB97D2 /* XCRemoteSwiftPackageReference "firebase-ios-sdk" */,
			);
			preferredProjectObjectVersion = 77;
			productRefGroup = 9E2F13A12CAE0D0B00EB97D2 /* Products */;
			projectDirPath = "";
			projectRoot = "";
			targets = (
				9E2F139F2CAE0D0B00EB97D2 /* Fit-Check */,
				9E2F13AF2CAE0D0C00EB97D2 /* Fit-CheckTests */,
				9E2F13B92CAE0D0C00EB97D2 /* Fit-CheckUITests */,
			);
		};
/* End PBXProject section */

/* Begin PBXResourcesBuildPhase section */
		9E2F139E2CAE0D0B00EB97D2 /* Resources */ = {
			isa = PBXResourcesBuildPhase;
			buildActionMask = 2147483647;
			files = (
			);
			runOnlyForDeploymentPostprocessing = 0;
		};
		9E2F13AE2CAE0D0C00EB97D2 /* Resources */ = {
			isa = PBXResourcesBuildPhase;
			buildActionMask = 2147483647;
			files = (
			);
			runOnlyForDeploymentPostprocessing = 0;
		};
		9E2F13B82CAE0D0C00EB97D2 /* Resources */ = {
			isa = PBXResourcesBuildPhase;
			buildActionMask = 2147483647;
			files = (
			);
			runOnlyForDeploymentPostprocessing = 0;
		};
/* End PBXResourcesBuildPhase section */

/* Begin PBXSourcesBuildPhase section */
		9E2F139C2CAE0D0B00EB97D2 /* Sources */ = {
			isa = PBXSourcesBuildPhase;
			buildActionMask = 2147483647;
			files = (
			);
			runOnlyForDeploymentPostprocessing = 0;
		};
		9E2F13AC2CAE0D0C00EB97D2 /* Sources */ = {
			isa = PBXSourcesBuildPhase;
			buildActionMask = 2147483647;
			files = (
			);
			runOnlyForDeploymentPostprocessing = 0;
		};
		9E2F13B62CAE0D0C00EB97D2 /* Sources */ = {
			isa = PBXSourcesBuildPhase;
			buildActionMask = 2147483647;
			files = (
			);
			runOnlyForDeploymentPostprocessing = 0;
		};
/* End PBXSourcesBuildPhase section */

/* Begin PBXTargetDependency section */
		9E2F13B22CAE0D0C00EB97D2 /* PBXTargetDependency */ = {
			isa = PBXTargetDependency;
			target = 9E2F139F2CAE0D0B00EB97D2 /* Fit-Check */;
			targetProxy = 9E2F13B12CAE0D0C00EB97D2 /* PBXContainerItemProxy */;
		};
		9E2F13BC2CAE0D0C00EB97D2 /* PBXTargetDependency */ = {
			isa = PBXTargetDependency;
			target = 9E2F139F2CAE0D0B00EB97D2 /* Fit-Check */;
			targetProxy = 9E2F13BB2CAE0D0C00EB97D2 /* PBXContainerItemProxy */;
		};
/* End PBXTargetDependency section */

/* Begin XCBuildConfiguration section */
		9E2F13C22CAE0D0C00EB97D2 /* Debug */ = {
			isa = XCBuildConfiguration;
			buildSettings = {
				ALWAYS_SEARCH_USER_PATHS = NO;
				ASSETCATALOG_COMPILER_GENERATE_SWIFT_ASSET_SYMBOL_EXTENSIONS = YES;
				CLANG_ANALYZER_NONNULL = YES;
				CLANG_ANALYZER_NUMBER_OBJECT_CONVERSION = YES_AGGRESSIVE;
				CLANG_CXX_LANGUAGE_STANDARD = "gnu++20";
				CLANG_ENABLE_MODULES = YES;
				CLANG_ENABLE_OBJC_ARC = YES;
				CLANG_ENABLE_OBJC_WEAK = YES;
				CLANG_WARN_BLOCK_CAPTURE_AUTORELEASING = YES;
				CLANG_WARN_BOOL_CONVERSION = YES;
				CLANG_WARN_COMMA = YES;
				CLANG_WARN_CONSTANT_CONVERSION = YES;
				CLANG_WARN_DEPRECATED_OBJC_IMPLEMENTATIONS = YES;
				CLANG_WARN_DIRECT_OBJC_ISA_USAGE = YES_ERROR;
				CLANG_WARN_DOCUMENTATION_COMMENTS = YES;
				CLANG_WARN_EMPTY_BODY = YES;
				CLANG_WARN_ENUM_CONVERSION = YES;
				CLANG_WARN_INFINITE_RECURSION = YES;
				CLANG_WARN_INT_CONVERSION = YES;
				CLANG_WARN_NON_LITERAL_NULL_CONVERSION = YES;
				CLANG_WARN_OBJC_IMPLICIT_RETAIN_SELF = YES;
				CLANG_WARN_OBJC_LITERAL_CONVERSION = YES;
				CLANG_WARN_OBJC_ROOT_CLASS = YES_ERROR;
				CLANG_WARN_QUOTED_INCLUDE_IN_FRAMEWORK_HEADER = YES;
				CLANG_WARN_RANGE_LOOP_ANALYSIS = YES;
				CLANG_WARN_STRICT_PROTOTYPES = YES;
				CLANG_WARN_SUSPICIOUS_MOVE = YES;
				CLANG_WARN_UNGUARDED_AVAILABILITY = YES_AGGRESSIVE;
				CLANG_WARN_UNREACHABLE_CODE = YES;
				CLANG_WARN__DUPLICATE_METHOD_MATCH = YES;
				COPY_PHASE_STRIP = NO;
				DEBUG_INFORMATION_FORMAT = dwarf;
				ENABLE_STRICT_OBJC_MSGSEND = YES;
				ENABLE_TESTABILITY = YES;
				ENABLE_USER_SCRIPT_SANDBOXING = YES;
				GCC_C_LANGUAGE_STANDARD = gnu17;
				GCC_DYNAMIC_NO_PIC = NO;
				GCC_NO_COMMON_BLOCKS = YES;
				GCC_OPTIMIZATION_LEVEL = 0;
				GCC_PREPROCESSOR_DEFINITIONS = (
					"DEBUG=1",
					"$(inherited)",
				);
				GCC_WARN_64_TO_32_BIT_CONVERSION = YES;
				GCC_WARN_ABOUT_RETURN_TYPE = YES_ERROR;
				GCC_WARN_UNDECLARED_SELECTOR = YES;
				GCC_WARN_UNINITIALIZED_AUTOS = YES_AGGRESSIVE;
				GCC_WARN_UNUSED_FUNCTION = YES;
				GCC_WARN_UNUSED_VARIABLE = YES;
				IPHONEOS_DEPLOYMENT_TARGET = 18.0;
				LOCALIZATION_PREFERS_STRING_CATALOGS = YES;
				MTL_ENABLE_DEBUG_INFO = INCLUDE_SOURCE;
				MTL_FAST_MATH = YES;
				ONLY_ACTIVE_ARCH = YES;
				SDKROOT = iphoneos;
				SWIFT_ACTIVE_COMPILATION_CONDITIONS = "DEBUG $(inherited)";
				SWIFT_OPTIMIZATION_LEVEL = "-Onone";
			};
			name = Debug;
		};
		9E2F13C32CAE0D0C00EB97D2 /* Release */ = {
			isa = XCBuildConfiguration;
			buildSettings = {
				ALWAYS_SEARCH_USER_PATHS = NO;
				ASSETCATALOG_COMPILER_GENERATE_SWIFT_ASSET_SYMBOL_EXTENSIONS = YES;
				CLANG_ANALYZER_NONNULL = YES;
				CLANG_ANALYZER_NUMBER_OBJECT_CONVERSION = YES_AGGRESSIVE;
				CLANG_CXX_LANGUAGE_STANDARD = "gnu++20";
				CLANG_ENABLE_MODULES = YES;
				CLANG_ENABLE_OBJC_ARC = YES;
				CLANG_ENABLE_OBJC_WEAK = YES;
				CLANG_WARN_BLOCK_CAPTURE_AUTORELEASING = YES;
				CLANG_WARN_BOOL_CONVERSION = YES;
				CLANG_WARN_COMMA = YES;
				CLANG_WARN_CONSTANT_CONVERSION = YES;
				CLANG_WARN_DEPRECATED_OBJC_IMPLEMENTATIONS = YES;
				CLANG_WARN_DIRECT_OBJC_ISA_USAGE = YES_ERROR;
				CLANG_WARN_DOCUMENTATION_COMMENTS = YES;
				CLANG_WARN_EMPTY_BODY = YES;
				CLANG_WARN_ENUM_CONVERSION = YES;
				CLANG_WARN_INFINITE_RECURSION = YES;
				CLANG_WARN_INT_CONVERSION = YES;
				CLANG_WARN_NON_LITERAL_NULL_CONVERSION = YES;
				CLANG_WARN_OBJC_IMPLICIT_RETAIN_SELF = YES;
				CLANG_WARN_OBJC_LITERAL_CONVERSION = YES;
				CLANG_WARN_OBJC_ROOT_CLASS = YES_ERROR;
				CLANG_WARN_QUOTED_INCLUDE_IN_FRAMEWORK_HEADER = YES;
				CLANG_WARN_RANGE_LOOP_ANALYSIS = YES;
				CLANG_WARN_STRICT_PROTOTYPES = YES;
				CLANG_WARN_SUSPICIOUS_MOVE = YES;
				CLANG_WARN_UNGUARDED_AVAILABILITY = YES_AGGRESSIVE;
				CLANG_WARN_UNREACHABLE_CODE = YES;
				CLANG_WARN__DUPLICATE_METHOD_MATCH = YES;
				COPY_PHASE_STRIP = NO;
				DEBUG_INFORMATION_FORMAT = "dwarf-with-dsym";
				ENABLE_NS_ASSERTIONS = NO;
				ENABLE_STRICT_OBJC_MSGSEND = YES;
				ENABLE_USER_SCRIPT_SANDBOXING = YES;
				GCC_C_LANGUAGE_STANDARD = gnu17;
				GCC_NO_COMMON_BLOCKS = YES;
				GCC_WARN_64_TO_32_BIT_CONVERSION = YES;
				GCC_WARN_ABOUT_RETURN_TYPE = YES_ERROR;
				GCC_WARN_UNDECLARED_SELECTOR = YES;
				GCC_WARN_UNINITIALIZED_AUTOS = YES_AGGRESSIVE;
				GCC_WARN_UNUSED_FUNCTION = YES;
				GCC_WARN_UNUSED_VARIABLE = YES;
				IPHONEOS_DEPLOYMENT_TARGET = 18.0;
				LOCALIZATION_PREFERS_STRING_CATALOGS = YES;
				MTL_ENABLE_DEBUG_INFO = NO;
				MTL_FAST_MATH = YES;
				SDKROOT = iphoneos;
				SWIFT_COMPILATION_MODE = wholemodule;
				VALIDATE_PRODUCT = YES;
			};
			name = Release;
		};
		9E2F13C52CAE0D0C00EB97D2 /* Debug */ = {
			isa = XCBuildConfiguration;
			buildSettings = {
				ASSETCATALOG_COMPILER_APPICON_NAME = AppIcon;
				ASSETCATALOG_COMPILER_GLOBAL_ACCENT_COLOR_NAME = AccentColor;
				CODE_SIGN_STYLE = Automatic;
				CURRENT_PROJECT_VERSION = 1;
				DEVELOPMENT_ASSET_PATHS = "\"Fit-Check/Preview Content\"";
				DEVELOPMENT_TEAM = SLXBUU3C7Q;
				ENABLE_PREVIEWS = YES;
				GENERATE_INFOPLIST_FILE = YES;
				INFOPLIST_KEY_UIApplicationSceneManifest_Generation = YES;
				INFOPLIST_KEY_UIApplicationSupportsIndirectInputEvents = YES;
				INFOPLIST_KEY_UILaunchScreen_Generation = YES;
				INFOPLIST_KEY_UISupportedInterfaceOrientations_iPad = "UIInterfaceOrientationPortrait UIInterfaceOrientationPortraitUpsideDown UIInterfaceOrientationLandscapeLeft UIInterfaceOrientationLandscapeRight";
				INFOPLIST_KEY_UISupportedInterfaceOrientations_iPhone = "UIInterfaceOrientationPortrait UIInterfaceOrientationLandscapeLeft UIInterfaceOrientationLandscapeRight";
				LD_RUNPATH_SEARCH_PATHS = (
					"$(inherited)",
					"@executable_path/Frameworks",
				);
				MARKETING_VERSION = 1.0;
				PRODUCT_BUNDLE_IDENTIFIER = "personal.Fit-Check";
				PRODUCT_NAME = "$(TARGET_NAME)";
				SWIFT_EMIT_LOC_STRINGS = YES;
				SWIFT_VERSION = 5.0;
				TARGETED_DEVICE_FAMILY = "1,2";
			};
			name = Debug;
		};
		9E2F13C62CAE0D0C00EB97D2 /* Release */ = {
			isa = XCBuildConfiguration;
			buildSettings = {
				ASSETCATALOG_COMPILER_APPICON_NAME = AppIcon;
				ASSETCATALOG_COMPILER_GLOBAL_ACCENT_COLOR_NAME = AccentColor;
				CODE_SIGN_STYLE = Automatic;
				CURRENT_PROJECT_VERSION = 1;
				DEVELOPMENT_ASSET_PATHS = "\"Fit-Check/Preview Content\"";
				DEVELOPMENT_TEAM = SLXBUU3C7Q;
				ENABLE_PREVIEWS = YES;
				GENERATE_INFOPLIST_FILE = YES;
				INFOPLIST_KEY_UIApplicationSceneManifest_Generation = YES;
				INFOPLIST_KEY_UIApplicationSupportsIndirectInputEvents = YES;
				INFOPLIST_KEY_UILaunchScreen_Generation = YES;
				INFOPLIST_KEY_UISupportedInterfaceOrientations_iPad = "UIInterfaceOrientationPortrait UIInterfaceOrientationPortraitUpsideDown UIInterfaceOrientationLandscapeLeft UIInterfaceOrientationLandscapeRight";
				INFOPLIST_KEY_UISupportedInterfaceOrientations_iPhone = "UIInterfaceOrientationPortrait UIInterfaceOrientationLandscapeLeft UIInterfaceOrientationLandscapeRight";
				LD_RUNPATH_SEARCH_PATHS = (
					"$(inherited)",
					"@executable_path/Frameworks",
				);
				MARKETING_VERSION = 1.0;
				PRODUCT_BUNDLE_IDENTIFIER = "personal.Fit-Check";
				PRODUCT_NAME = "$(TARGET_NAME)";
				SWIFT_EMIT_LOC_STRINGS = YES;
				SWIFT_VERSION = 5.0;
				TARGETED_DEVICE_FAMILY = "1,2";
			};
			name = Release;
		};
		9E2F13C82CAE0D0C00EB97D2 /* Debug */ = {
			isa = XCBuildConfiguration;
			buildSettings = {
				BUNDLE_LOADER = "$(TEST_HOST)";
				CODE_SIGN_STYLE = Automatic;
				CURRENT_PROJECT_VERSION = 1;
				DEVELOPMENT_TEAM = SLXBUU3C7Q;
				GENERATE_INFOPLIST_FILE = YES;
				IPHONEOS_DEPLOYMENT_TARGET = 18.0;
				MARKETING_VERSION = 1.0;
				PRODUCT_BUNDLE_IDENTIFIER = "personal.Fit-CheckTests";
				PRODUCT_NAME = "$(TARGET_NAME)";
				SWIFT_EMIT_LOC_STRINGS = NO;
				SWIFT_VERSION = 5.0;
				TARGETED_DEVICE_FAMILY = "1,2";
				TEST_HOST = "$(BUILT_PRODUCTS_DIR)/Fit-Check.app/$(BUNDLE_EXECUTABLE_FOLDER_PATH)/Fit-Check";
			};
			name = Debug;
		};
		9E2F13C92CAE0D0C00EB97D2 /* Release */ = {
			isa = XCBuildConfiguration;
			buildSettings = {
				BUNDLE_LOADER = "$(TEST_HOST)";
				CODE_SIGN_STYLE = Automatic;
				CURRENT_PROJECT_VERSION = 1;
				DEVELOPMENT_TEAM = SLXBUU3C7Q;
				GENERATE_INFOPLIST_FILE = YES;
				IPHONEOS_DEPLOYMENT_TARGET = 18.0;
				MARKETING_VERSION = 1.0;
				PRODUCT_BUNDLE_IDENTIFIER = "personal.Fit-CheckTests";
				PRODUCT_NAME = "$(TARGET_NAME)";
				SWIFT_EMIT_LOC_STRINGS = NO;
				SWIFT_VERSION = 5.0;
				TARGETED_DEVICE_FAMILY = "1,2";
				TEST_HOST = "$(BUILT_PRODUCTS_DIR)/Fit-Check.app/$(BUNDLE_EXECUTABLE_FOLDER_PATH)/Fit-Check";
			};
			name = Release;
		};
		9E2F13CB2CAE0D0C00EB97D2 /* Debug */ = {
			isa = XCBuildConfiguration;
			buildSettings = {
				CODE_SIGN_STYLE = Automatic;
				CURRENT_PROJECT_VERSION = 1;
				DEVELOPMENT_TEAM = SLXBUU3C7Q;
				GENERATE_INFOPLIST_FILE = YES;
				MARKETING_VERSION = 1.0;
				PRODUCT_BUNDLE_IDENTIFIER = "personal.Fit-CheckUITests";
				PRODUCT_NAME = "$(TARGET_NAME)";
				SWIFT_EMIT_LOC_STRINGS = NO;
				SWIFT_VERSION = 5.0;
				TARGETED_DEVICE_FAMILY = "1,2";
				TEST_TARGET_NAME = "Fit-Check";
			};
			name = Debug;
		};
		9E2F13CC2CAE0D0C00EB97D2 /* Release */ = {
			isa = XCBuildConfiguration;
			buildSettings = {
				CODE_SIGN_STYLE = Automatic;
				CURRENT_PROJECT_VERSION = 1;
				DEVELOPMENT_TEAM = SLXBUU3C7Q;
				GENERATE_INFOPLIST_FILE = YES;
				MARKETING_VERSION = 1.0;
				PRODUCT_BUNDLE_IDENTIFIER = "personal.Fit-CheckUITests";
				PRODUCT_NAME = "$(TARGET_NAME)";
				SWIFT_EMIT_LOC_STRINGS = NO;
				SWIFT_VERSION = 5.0;
				TARGETED_DEVICE_FAMILY = "1,2";
				TEST_TARGET_NAME = "Fit-Check";
			};
			name = Release;
		};
/* End XCBuildConfiguration section */

/* Begin XCConfigurationList section */
		9E2F139B2CAE0D0B00EB97D2 /* Build configuration list for PBXProject "Fit-Check" */ = {
			isa = XCConfigurationList;
			buildConfigurations = (
				9E2F13C22CAE0D0C00EB97D2 /* Debug */,
				9E2F13C32CAE0D0C00EB97D2 /* Release */,
			);
			defaultConfigurationIsVisible = 0;
			defaultConfigurationName = Release;
		};
		9E2F13C42CAE0D0C00EB97D2 /* Build configuration list for PBXNativeTarget "Fit-Check" */ = {
			isa = XCConfigurationList;
			buildConfigurations = (
				9E2F13C52CAE0D0C00EB97D2 /* Debug */,
				9E2F13C62CAE0D0C00EB97D2 /* Release */,
			);
			defaultConfigurationIsVisible = 0;
			defaultConfigurationName = Release;
		};
		9E2F13C72CAE0D0C00EB97D2 /* Build configuration list for PBXNativeTarget "Fit-CheckTests" */ = {
			isa = XCConfigurationList;
			buildConfigurations = (
				9E2F13C82CAE0D0C00EB97D2 /* Debug */,
				9E2F13C92CAE0D0C00EB97D2 /* Release */,
			);
			defaultConfigurationIsVisible = 0;
			defaultConfigurationName = Release;
		};
		9E2F13CA2CAE0D0C00EB97D2 /* Build configuration list for PBXNativeTarget "Fit-CheckUITests" */ = {
			isa = XCConfigurationList;
			buildConfigurations = (
				9E2F13CB2CAE0D0C00EB97D2 /* Debug */,
				9E2F13CC2CAE0D0C00EB97D2 /* Release */,
			);
			defaultConfigurationIsVisible = 0;
			defaultConfigurationName = Release;
		};
/* End XCConfigurationList section */

/* Begin XCRemoteSwiftPackageReference section */
		9E2F13D12CAE0FBB00EB97D2 /* XCRemoteSwiftPackageReference "firebase-ios-sdk" */ = {
			isa = XCRemoteSwiftPackageReference;
			repositoryURL = "https://github.com/firebase/firebase-ios-sdk";
			requirement = {
				kind = upToNextMajorVersion;
				minimumVersion = 11.3.0;
			};
		};
/* End XCRemoteSwiftPackageReference section */

/* Begin XCSwiftPackageProductDependency section */
		9E2F13D22CAE0FBB00EB97D2 /* FirebaseAnalytics */ = {
			isa = XCSwiftPackageProductDependency;
			package = 9E2F13D12CAE0FBB00EB97D2 /* XCRemoteSwiftPackageReference "firebase-ios-sdk" */;
			productName = FirebaseAnalytics;
		};
		9E2F13D42CAE0FBB00EB97D2 /* FirebaseAnalyticsOnDeviceConversion */ = {
			isa = XCSwiftPackageProductDependency;
			package = 9E2F13D12CAE0FBB00EB97D2 /* XCRemoteSwiftPackageReference "firebase-ios-sdk" */;
			productName = FirebaseAnalyticsOnDeviceConversion;
		};
		9E2F13D62CAE0FBB00EB97D2 /* FirebaseAnalyticsWithoutAdIdSupport */ = {
			isa = XCSwiftPackageProductDependency;
			package = 9E2F13D12CAE0FBB00EB97D2 /* XCRemoteSwiftPackageReference "firebase-ios-sdk" */;
			productName = FirebaseAnalyticsWithoutAdIdSupport;
		};
		9E2F13D82CAE0FBB00EB97D2 /* FirebaseAppCheck */ = {
			isa = XCSwiftPackageProductDependency;
			package = 9E2F13D12CAE0FBB00EB97D2 /* XCRemoteSwiftPackageReference "firebase-ios-sdk" */;
			productName = FirebaseAppCheck;
		};
		9E2F13DA2CAE0FBB00EB97D2 /* FirebaseAppDistribution-Beta */ = {
			isa = XCSwiftPackageProductDependency;
			package = 9E2F13D12CAE0FBB00EB97D2 /* XCRemoteSwiftPackageReference "firebase-ios-sdk" */;
			productName = "FirebaseAppDistribution-Beta";
		};
		9E2F13DC2CAE0FBB00EB97D2 /* FirebaseAuth */ = {
			isa = XCSwiftPackageProductDependency;
			package = 9E2F13D12CAE0FBB00EB97D2 /* XCRemoteSwiftPackageReference "firebase-ios-sdk" */;
			productName = FirebaseAuth;
		};
		9E2F13DE2CAE0FBB00EB97D2 /* FirebaseAuthCombine-Community */ = {
			isa = XCSwiftPackageProductDependency;
			package = 9E2F13D12CAE0FBB00EB97D2 /* XCRemoteSwiftPackageReference "firebase-ios-sdk" */;
			productName = "FirebaseAuthCombine-Community";
		};
		9E2F13E02CAE0FBB00EB97D2 /* FirebaseCore */ = {
			isa = XCSwiftPackageProductDependency;
			package = 9E2F13D12CAE0FBB00EB97D2 /* XCRemoteSwiftPackageReference "firebase-ios-sdk" */;
			productName = FirebaseCore;
		};
		9E2F13E22CAE0FBB00EB97D2 /* FirebaseCrashlytics */ = {
			isa = XCSwiftPackageProductDependency;
			package = 9E2F13D12CAE0FBB00EB97D2 /* XCRemoteSwiftPackageReference "firebase-ios-sdk" */;
			productName = FirebaseCrashlytics;
		};
		9E2F13E42CAE0FBB00EB97D2 /* FirebaseDatabase */ = {
			isa = XCSwiftPackageProductDependency;
			package = 9E2F13D12CAE0FBB00EB97D2 /* XCRemoteSwiftPackageReference "firebase-ios-sdk" */;
			productName = FirebaseDatabase;
		};
		9E2F13E62CAE0FBB00EB97D2 /* FirebaseDynamicLinks */ = {
			isa = XCSwiftPackageProductDependency;
			package = 9E2F13D12CAE0FBB00EB97D2 /* XCRemoteSwiftPackageReference "firebase-ios-sdk" */;
			productName = FirebaseDynamicLinks;
		};
		9E2F13E82CAE0FBB00EB97D2 /* FirebaseFirestore */ = {
			isa = XCSwiftPackageProductDependency;
			package = 9E2F13D12CAE0FBB00EB97D2 /* XCRemoteSwiftPackageReference "firebase-ios-sdk" */;
			productName = FirebaseFirestore;
		};
		9E2F13EA2CAE0FBB00EB97D2 /* FirebaseFirestoreCombine-Community */ = {
			isa = XCSwiftPackageProductDependency;
			package = 9E2F13D12CAE0FBB00EB97D2 /* XCRemoteSwiftPackageReference "firebase-ios-sdk" */;
			productName = "FirebaseFirestoreCombine-Community";
		};
		9E2F13EC2CAE0FBB00EB97D2 /* FirebaseFunctions */ = {
			isa = XCSwiftPackageProductDependency;
			package = 9E2F13D12CAE0FBB00EB97D2 /* XCRemoteSwiftPackageReference "firebase-ios-sdk" */;
			productName = FirebaseFunctions;
		};
		9E2F13EE2CAE0FBB00EB97D2 /* FirebaseFunctionsCombine-Community */ = {
			isa = XCSwiftPackageProductDependency;
			package = 9E2F13D12CAE0FBB00EB97D2 /* XCRemoteSwiftPackageReference "firebase-ios-sdk" */;
			productName = "FirebaseFunctionsCombine-Community";
		};
		9E2F13F02CAE0FBB00EB97D2 /* FirebaseInAppMessaging-Beta */ = {
			isa = XCSwiftPackageProductDependency;
			package = 9E2F13D12CAE0FBB00EB97D2 /* XCRemoteSwiftPackageReference "firebase-ios-sdk" */;
			productName = "FirebaseInAppMessaging-Beta";
		};
		9E2F13F22CAE0FBB00EB97D2 /* FirebaseInstallations */ = {
			isa = XCSwiftPackageProductDependency;
			package = 9E2F13D12CAE0FBB00EB97D2 /* XCRemoteSwiftPackageReference "firebase-ios-sdk" */;
			productName = FirebaseInstallations;
		};
		9E2F13F42CAE0FBB00EB97D2 /* FirebaseMLModelDownloader */ = {
			isa = XCSwiftPackageProductDependency;
			package = 9E2F13D12CAE0FBB00EB97D2 /* XCRemoteSwiftPackageReference "firebase-ios-sdk" */;
			productName = FirebaseMLModelDownloader;
		};
		9E2F13F62CAE0FBB00EB97D2 /* FirebaseMessaging */ = {
			isa = XCSwiftPackageProductDependency;
			package = 9E2F13D12CAE0FBB00EB97D2 /* XCRemoteSwiftPackageReference "firebase-ios-sdk" */;
			productName = FirebaseMessaging;
		};
		9E2F13F82CAE0FBB00EB97D2 /* FirebasePerformance */ = {
			isa = XCSwiftPackageProductDependency;
			package = 9E2F13D12CAE0FBB00EB97D2 /* XCRemoteSwiftPackageReference "firebase-ios-sdk" */;
			productName = FirebasePerformance;
		};
		9E2F13FA2CAE0FBB00EB97D2 /* FirebaseRemoteConfig */ = {
			isa = XCSwiftPackageProductDependency;
			package = 9E2F13D12CAE0FBB00EB97D2 /* XCRemoteSwiftPackageReference "firebase-ios-sdk" */;
			productName = FirebaseRemoteConfig;
		};
		9E2F13FC2CAE0FBB00EB97D2 /* FirebaseStorage */ = {
			isa = XCSwiftPackageProductDependency;
			package = 9E2F13D12CAE0FBB00EB97D2 /* XCRemoteSwiftPackageReference "firebase-ios-sdk" */;
			productName = FirebaseStorage;
		};
		9E2F13FE2CAE0FBB00EB97D2 /* FirebaseStorageCombine-Community */ = {
			isa = XCSwiftPackageProductDependency;
			package = 9E2F13D12CAE0FBB00EB97D2 /* XCRemoteSwiftPackageReference "firebase-ios-sdk" */;
			productName = "FirebaseStorageCombine-Community";
		};
		9E2F14002CAE0FBB00EB97D2 /* FirebaseVertexAI-Preview */ = {
			isa = XCSwiftPackageProductDependency;
			package = 9E2F13D12CAE0FBB00EB97D2 /* XCRemoteSwiftPackageReference "firebase-ios-sdk" */;
			productName = "FirebaseVertexAI-Preview";
		};
/* End XCSwiftPackageProductDependency section */
	};
	rootObject = 9E2F13982CAE0D0B00EB97D2 /* Project object */;
}
